
Microsoft Visual Studio Solution File, Format Version 12.00
# Visual Studio Version 17
VisualStudioVersion = 17.4.33205.214
MinimumVisualStudioVersion = 10.0.40219.1
Project("{2150E333-8FDC-42A3-9474-1A3956D46DE8}") = ".props", ".props", "{2E063B61-7227-491D-BAD8-018703390F46}"
	ProjectSection(SolutionItems) = preProject
		.editorconfig = .editorconfig
		.gitignore = .gitignore
		AdaskoTheBeAsT.Identity.Dapper.sln.DotSettings = AdaskoTheBeAsT.Identity.Dapper.sln.DotSettings
		AdaskoTheBeAsT.ruleset = AdaskoTheBeAsT.ruleset
		DeterministicBuild.targets = DeterministicBuild.targets
		Directory.Build.props = Directory.Build.props
		Directory.Build.targets = Directory.Build.targets
		global.json = global.json
		lgtm.yml = lgtm.yml
		LICENSE = LICENSE
		README.md = README.md
		SecurityCodeScan.config.yml = SecurityCodeScan.config.yml
		Settings.StyleCop = Settings.StyleCop
		stylecop.json = stylecop.json
	EndProjectSection
EndProject
Project("{2150E333-8FDC-42A3-9474-1A3956D46DE8}") = "src", "src", "{C28AEC30-FF71-4397-A8C5-5B26D183A45A}"
EndProject
Project("{2150E333-8FDC-42A3-9474-1A3956D46DE8}") = "test", "test", "{D5E2C14A-BA04-4AB5-A8B4-B7389EBCC0B3}"
EndProject
Project("{2150E333-8FDC-42A3-9474-1A3956D46DE8}") = ".props", ".props", "{FA0F72FD-F547-4A2C-B2EA-C8F77DD9FD52}"
	ProjectSection(SolutionItems) = preProject
		test\Directory.Build.props = test\Directory.Build.props
	EndProjectSection
EndProject
Project("{2150E333-8FDC-42A3-9474-1A3956D46DE8}") = "unit", "unit", "{0DDB0E47-5845-4861-95FC-AF248E2C6652}"
EndProject
Project("{2150E333-8FDC-42A3-9474-1A3956D46DE8}") = "integ", "integ", "{AE9D6DAA-9994-48E8-ACAA-9A962346CC16}"
EndProject
Project("{2150E333-8FDC-42A3-9474-1A3956D46DE8}") = ".props", ".props", "{EE241C9C-6B53-47BF-92BA-E918A7BED105}"
	ProjectSection(SolutionItems) = preProject
		test\integ\Directory.Build.props = test\integ\Directory.Build.props
	EndProjectSection
EndProject
Project("{9A19103F-16F7-4668-BE54-9A1E7A4F7556}") = "AdaskoTheBeAsT.Identity.Dapper", "src\AdaskoTheBeAsT.Identity.Dapper\AdaskoTheBeAsT.Identity.Dapper.csproj", "{351FCF09-1AD0-4C93-9927-FEF2F5091C01}"
EndProject
Project("{9A19103F-16F7-4668-BE54-9A1E7A4F7556}") = "AdaskoTheBeAsT.Identity.Dapper.SqlServer", "src\AdaskoTheBeAsT.Identity.Dapper.SqlServer\AdaskoTheBeAsT.Identity.Dapper.SqlServer.csproj", "{0C486550-0878-4D05-BDFF-FFF7B1C6F180}"
EndProject
Project("{9A19103F-16F7-4668-BE54-9A1E7A4F7556}") = "AdaskoTheBeAsT.Identity.Dapper.SqlServer.IntegrationTest", "test\integ\AdaskoTheBeAsT.Identity.Dapper.SqlServer.IntegrationTest\AdaskoTheBeAsT.Identity.Dapper.SqlServer.IntegrationTest.csproj", "{AE3636B8-2AD9-406F-B83A-D193B7785E44}"
EndProject
Project("{9A19103F-16F7-4668-BE54-9A1E7A4F7556}") = "AdaskoTheBeAsT.Identity.Dapper.SqlServer.Test", "test\unit\AdaskoTheBeAsT.Identity.Dapper.SqlServer.Test\AdaskoTheBeAsT.Identity.Dapper.SqlServer.Test.csproj", "{3DD57D21-B015-4AE3-B2CD-FD3D33A01C3B}"
EndProject
Project("{2150E333-8FDC-42A3-9474-1A3956D46DE8}") = "samples", "samples", "{7D925E4F-891C-492B-92FE-6E4277E1B3F4}"
EndProject
Project("{9A19103F-16F7-4668-BE54-9A1E7A4F7556}") = "Sample.SqlServer", "samples\Sample.SqlServer\Sample.SqlServer.csproj", "{2808DFA2-CE24-4D08-BAE4-1B482267F586}"
EndProject
Project("{9A19103F-16F7-4668-BE54-9A1E7A4F7556}") = "AdaskoTheBeAsT.Identity.Dapper.MySql", "src\AdaskoTheBeAsT.Identity.Dapper.MySql\AdaskoTheBeAsT.Identity.Dapper.MySql.csproj", "{08380F5D-DE3A-49D3-B25A-37B3FA048D41}"
EndProject
Project("{D954291E-2A0B-460D-934E-DC6B0785DB48}") = "AdaskoTheBeAsT.Identity.Dapper.Shared", "src\AdaskoTheBeAsT.Identity.Dapper.Shared\AdaskoTheBeAsT.Identity.Dapper.Shared.shproj", "{D04C7852-EB46-47FF-B76B-9EE1D5CDEB42}"
EndProject
Project("{2150E333-8FDC-42A3-9474-1A3956D46DE8}") = "db", "db", "{71823033-0DBA-4E00-8325-7DDCB7346588}"
EndProject
Project("{9A19103F-16F7-4668-BE54-9A1E7A4F7556}") = "AdaskoTheBeAsT.Identity.Dapper.Oracle", "src\AdaskoTheBeAsT.Identity.Dapper.Oracle\AdaskoTheBeAsT.Identity.Dapper.Oracle.csproj", "{36D2F9C2-84A3-4D24-BED0-CB5FB1705CE8}"
EndProject
Project("{9A19103F-16F7-4668-BE54-9A1E7A4F7556}") = "AdaskoTheBeAsT.Identity.Dapper.PostgreSql", "src\AdaskoTheBeAsT.Identity.Dapper.PostgreSql\AdaskoTheBeAsT.Identity.Dapper.PostgreSql.csproj", "{763C13CD-B978-40BF-AC06-8BC76BEA861D}"
EndProject
Project("{00D1A9C2-B5F0-4AF3-8072-F6C62B433612}") = "AspNetIndentityString", "db\SqlServer\AspNetIndentityString\AspNetIndentityString.sqlproj", "{FC6AF60D-3E65-45F3-A554-C2005B29DBC7}"
EndProject
Project("{2150E333-8FDC-42A3-9474-1A3956D46DE8}") = "SqlServer", "SqlServer", "{265E36FF-3E33-407D-9E27-4A0995ED0600}"
EndProject
Project("{00D1A9C2-B5F0-4AF3-8072-F6C62B433612}") = "AspNetIdentityGuid", "db\SqlServer\AspNetIdentityGuid\AspNetIdentityGuid.sqlproj", "{7FF57A3A-3343-49DA-BEC8-0682A15E7FEF}"
EndProject
Project("{00D1A9C2-B5F0-4AF3-8072-F6C62B433612}") = "AspNetIdentityInt", "db\SqlServer\AspNetIdentityInt\AspNetIdentityInt.sqlproj", "{4880CFDF-5DD6-4E0A-BCD5-B9425C837D79}"
EndProject
Project("{00D1A9C2-B5F0-4AF3-8072-F6C62B433612}") = "AspNetIdentityBigInt", "db\SqlServer\AspNetIdentityBigInt\AspNetIdentityBigInt.sqlproj", "{AA81343E-F71C-4080-A94C-FF23E4E04CE6}"
EndProject
Project("{9A19103F-16F7-4668-BE54-9A1E7A4F7556}") = "AdaskoTheBeAsT.Identity.Dapper.Sqlite", "src\AdaskoTheBeAsT.Identity.Dapper.Sqlite\AdaskoTheBeAsT.Identity.Dapper.Sqlite.csproj", "{9EC8CEF9-C6B6-4A6E-921B-D191941DD6DD}"
EndProject
Project("{2150E333-8FDC-42A3-9474-1A3956D46DE8}") = "MySql", "MySql", "{FA53D9C3-12F4-4FD5-8646-3652202545DF}"
	ProjectSection(SolutionItems) = preProject
		db\MySql\AspNetIdentityBigInt.sql = db\MySql\AspNetIdentityBigInt.sql
		db\MySql\AspNetIdentityGuid.sql = db\MySql\AspNetIdentityGuid.sql
		db\MySql\AspNetIdentityInt.sql = db\MySql\AspNetIdentityInt.sql
		db\MySql\AspNetIdentityString.sql = db\MySql\AspNetIdentityString.sql
		db\MySql\WithoutNormalizedAspNetIdentityBigInt.sql = db\MySql\WithoutNormalizedAspNetIdentityBigInt.sql
		db\MySql\WithoutNormalizedAspNetIdentityGuid.sql = db\MySql\WithoutNormalizedAspNetIdentityGuid.sql
		db\MySql\WithoutNormalizedAspNetIdentityInt.sql = db\MySql\WithoutNormalizedAspNetIdentityInt.sql
		db\MySql\WithoutNormalizedAspNetIdentityString.sql = db\MySql\WithoutNormalizedAspNetIdentityString.sql
	EndProjectSection
EndProject
Project("{9A19103F-16F7-4668-BE54-9A1E7A4F7556}") = "Sample.SqlServer2", "samples\Sample.SqlServer2\Sample.SqlServer2.csproj", "{A759BCC2-FDA2-4C43-BC5A-6DEF3199D0DA}"
EndProject
Project("{9A19103F-16F7-4668-BE54-9A1E7A4F7556}") = "ConsoleApp", "samples\ConsoleApp\ConsoleApp.csproj", "{C6459F2F-6348-4E52-A52A-B779AA6EC53A}"
EndProject
Project("{2150E333-8FDC-42A3-9474-1A3956D46DE8}") = "PostgreSQL", "PostgreSQL", "{D0C248FA-1132-4B65-86C9-2DD40CAA1881}"
	ProjectSection(SolutionItems) = preProject
		db\PostgreSQL\AspNetIdentityBigInt.sql = db\PostgreSQL\AspNetIdentityBigInt.sql
		db\PostgreSQL\AspNetIdentityGuid.sql = db\PostgreSQL\AspNetIdentityGuid.sql
		db\PostgreSQL\AspNetIdentityInt.sql = db\PostgreSQL\AspNetIdentityInt.sql
		db\PostgreSQL\AspNetIdentityString.sql = db\PostgreSQL\AspNetIdentityString.sql
		db\PostgreSQL\WithoutNormalizedAspNetIdentityBigInt.sql = db\PostgreSQL\WithoutNormalizedAspNetIdentityBigInt.sql
		db\PostgreSQL\WithoutNormalizedAspNetIdentityGuid.sql = db\PostgreSQL\WithoutNormalizedAspNetIdentityGuid.sql
		db\PostgreSQL\WithoutNormalizedAspNetIdentityInt.sql = db\PostgreSQL\WithoutNormalizedAspNetIdentityInt.sql
		db\PostgreSQL\WithoutNormalizedAspNetIdentityString.sql = db\PostgreSQL\WithoutNormalizedAspNetIdentityString.sql
	EndProjectSection
EndProject
Project("{2150E333-8FDC-42A3-9474-1A3956D46DE8}") = "Oracle", "Oracle", "{376CE99A-349F-4E71-9305-CB5A4FC949FA}"
	ProjectSection(SolutionItems) = preProject
		db\Oracle\AspNetIdentityBigInt.sql = db\Oracle\AspNetIdentityBigInt.sql
		db\Oracle\AspNetIdentityGuid.sql = db\Oracle\AspNetIdentityGuid.sql
		db\Oracle\AspNetIdentityInt.sql = db\Oracle\AspNetIdentityInt.sql
		db\Oracle\AspNetIdentityString.sql = db\Oracle\AspNetIdentityString.sql
		db\Oracle\OracleSetup.sql = db\Oracle\OracleSetup.sql
		db\Oracle\WithoutNormalizedAspNetIdentityBigInt.sql = db\Oracle\WithoutNormalizedAspNetIdentityBigInt.sql
		db\Oracle\WithoutNormalizedAspNetIdentityGuid.sql = db\Oracle\WithoutNormalizedAspNetIdentityGuid.sql
		db\Oracle\WithoutNormalizedAspNetIdentityInt.sql = db\Oracle\WithoutNormalizedAspNetIdentityInt.sql
		db\Oracle\WithoutNormalizedAspNetIdentityString.sql = db\Oracle\WithoutNormalizedAspNetIdentityString.sql
	EndProjectSection
EndProject
Project("{9A19103F-16F7-4668-BE54-9A1E7A4F7556}") = "OracleConsoleApp", "samples\OracleConsoleApp\OracleConsoleApp.csproj", "{337326E1-D669-4F31-B442-92387C37EAFD}"
EndProject
Project("{2150E333-8FDC-42A3-9474-1A3956D46DE8}") = "SQLite", "SQLite", "{6E4C978A-043C-4417-9C95-F7EA48A96BB4}"
	ProjectSection(SolutionItems) = preProject
		db\SQLite\AspNetIdentityBigInt.sql = db\SQLite\AspNetIdentityBigInt.sql
		db\SQLite\AspNetIdentityGuid.sql = db\SQLite\AspNetIdentityGuid.sql
		db\SQLite\AspNetIdentityInt.sql = db\SQLite\AspNetIdentityInt.sql
		db\SQLite\AspNetIdentityString.sql = db\SQLite\AspNetIdentityString.sql
		db\SQLite\WithoutNormalizedAspNetIdentityBigInt.sql = db\SQLite\WithoutNormalizedAspNetIdentityBigInt.sql
		db\SQLite\WithoutNormalizedAspNetIdentityGuid.sql = db\SQLite\WithoutNormalizedAspNetIdentityGuid.sql
		db\SQLite\WithoutNormalizedAspNetIdentityInt.sql = db\SQLite\WithoutNormalizedAspNetIdentityInt.sql
		db\SQLite\WithoutNormalizedAspNetIdentityString.sql = db\SQLite\WithoutNormalizedAspNetIdentityString.sql
	EndProjectSection
EndProject
Project("{00D1A9C2-B5F0-4AF3-8072-F6C62B433612}") = "WithoutNormalizedAspNetIdentityBigInt", "db\SqlServer\WithoutNormalizedAspNetIdentityBigInt\WithoutNormalizedAspNetIdentityBigInt.sqlproj", "{64EBCB32-1298-470E-91C2-6F5BACDB4BF7}"
EndProject
Project("{00D1A9C2-B5F0-4AF3-8072-F6C62B433612}") = "WithoutNormalizedAspNetIdentityGuid", "db\SqlServer\WithoutNormalizedAspNetIdentityGuid\WithoutNormalizedAspNetIdentityGuid.sqlproj", "{C6EC1785-FC06-4F4A-B89E-35992D97A45A}"
EndProject
Project("{00D1A9C2-B5F0-4AF3-8072-F6C62B433612}") = "WithoutNormalizedAspNetIdentityInt", "db\SqlServer\WithoutNormalizedAspNetIdentityInt\WithoutNormalizedAspNetIdentityInt.sqlproj", "{50147B9D-9F88-482E-998F-850BD80BCAEE}"
EndProject
Project("{00D1A9C2-B5F0-4AF3-8072-F6C62B433612}") = "WithoutNormalizedAspNetIndentityString", "db\SqlServer\WithoutNormalizedAspNetIndentityString\WithoutNormalizedAspNetIndentityString.sqlproj", "{F8FB334E-AA9A-4A74-8D9D-A7DC7983999A}"
EndProject
Project("{9A19103F-16F7-4668-BE54-9A1E7A4F7556}") = "AdaskoTheBeAsT.Identity.Dapper.WebApi", "src\AdaskoTheBeAsT.Identity.Dapper.WebApi\AdaskoTheBeAsT.Identity.Dapper.WebApi.csproj", "{51E6418B-38EF-4E8E-A823-1D2992604BFD}"
EndProject
Project("{2150E333-8FDC-42A3-9474-1A3956D46DE8}") = ".sarif", ".sarif", "{7383D782-E429-4C53-8B51-C55D4ED18535}"
	ProjectSection(SolutionItems) = preProject
		.sarif\.gitkeep = .sarif\.gitkeep
	EndProjectSection
EndProject
Project("{9A19103F-16F7-4668-BE54-9A1E7A4F7556}") = "AdaskoTheBeAsT.Identity.Dapper.PostgreSql.IntegrationTest", "test\integ\AdaskoTheBeAsT.Identity.Dapper.PostgreSql.IntegrationTest\AdaskoTheBeAsT.Identity.Dapper.PostgreSql.IntegrationTest.csproj", "{D2FC8061-B93D-4C50-8D07-7F0D701ABD4E}"
EndProject
Project("{9A19103F-16F7-4668-BE54-9A1E7A4F7556}") = "AdaskoTheBeAsT.Identity.Dapper.PostgreSql.Test", "test\unit\AdaskoTheBeAsT.Identity.Dapper.PostgreSql.Test\AdaskoTheBeAsT.Identity.Dapper.PostgreSql.Test.csproj", "{66E38038-26B6-4DF2-B71A-ED2BA8FC8D07}"
EndProject
Project("{9A19103F-16F7-4668-BE54-9A1E7A4F7556}") = "AdaskoTheBeAsT.Identity.Dapper.MySql.IntegrationTest", "test\integ\AdaskoTheBeAsT.Identity.Dapper.MySql.IntegrationTest\AdaskoTheBeAsT.Identity.Dapper.MySql.IntegrationTest.csproj", "{DAC1D5C1-6B72-492B-965E-7A7414117053}"
EndProject
Project("{9A19103F-16F7-4668-BE54-9A1E7A4F7556}") = "AdaskoTheBeAsT.Identity.Dapper.Oracle.IntegrationTest", "test\integ\AdaskoTheBeAsT.Identity.Dapper.Oracle.IntegrationTest\AdaskoTheBeAsT.Identity.Dapper.Oracle.IntegrationTest.csproj", "{21850892-5FD0-404E-A2E2-258DF8A7C8D9}"
EndProject
Project("{9A19103F-16F7-4668-BE54-9A1E7A4F7556}") = "AdaskoTheBeAsT.Identity.Dapper.Sqlite.IntegrationTest", "test\integ\AdaskoTheBeAsT.Identity.Dapper.Sqlite.IntegrationTest\AdaskoTheBeAsT.Identity.Dapper.Sqlite.IntegrationTest.csproj", "{27921E16-FBFB-487C-9CD2-3589DDEA36A6}"
EndProject
Project("{9A19103F-16F7-4668-BE54-9A1E7A4F7556}") = "AdaskoTheBeAsT.Identity.Dapper.Oracle.Test", "test\unit\AdaskoTheBeAsT.Identity.Dapper.Oracle.Test\AdaskoTheBeAsT.Identity.Dapper.Oracle.Test.csproj", "{680461CC-EFFF-4CBE-82AD-1C192D00E9C3}"
EndProject
Project("{00D1A9C2-B5F0-4AF3-8072-F6C62B433612}") = "WithoutNormalizedAspNetIdentityGuidOptimized", "db\SqlServer\WithoutNormalizedAspNetIdentityGuidOptimized\WithoutNormalizedAspNetIdentityGuidOptimized.sqlproj", "{5BDCF29F-00F9-45BE-82BD-684B2560C763}"
EndProject
Global
	GlobalSection(SolutionConfigurationPlatforms) = preSolution
		Debug|Any CPU = Debug|Any CPU
		Release|Any CPU = Release|Any CPU
	EndGlobalSection
	GlobalSection(ProjectConfigurationPlatforms) = postSolution
		{351FCF09-1AD0-4C93-9927-FEF2F5091C01}.Debug|Any CPU.ActiveCfg = Debug|Any CPU
		{351FCF09-1AD0-4C93-9927-FEF2F5091C01}.Debug|Any CPU.Build.0 = Debug|Any CPU
		{351FCF09-1AD0-4C93-9927-FEF2F5091C01}.Release|Any CPU.ActiveCfg = Release|Any CPU
		{351FCF09-1AD0-4C93-9927-FEF2F5091C01}.Release|Any CPU.Build.0 = Release|Any CPU
		{0C486550-0878-4D05-BDFF-FFF7B1C6F180}.Debug|Any CPU.ActiveCfg = Debug|Any CPU
		{0C486550-0878-4D05-BDFF-FFF7B1C6F180}.Debug|Any CPU.Build.0 = Debug|Any CPU
		{0C486550-0878-4D05-BDFF-FFF7B1C6F180}.Release|Any CPU.ActiveCfg = Release|Any CPU
		{0C486550-0878-4D05-BDFF-FFF7B1C6F180}.Release|Any CPU.Build.0 = Release|Any CPU
		{AE3636B8-2AD9-406F-B83A-D193B7785E44}.Debug|Any CPU.ActiveCfg = Debug|Any CPU
		{AE3636B8-2AD9-406F-B83A-D193B7785E44}.Debug|Any CPU.Build.0 = Debug|Any CPU
		{AE3636B8-2AD9-406F-B83A-D193B7785E44}.Release|Any CPU.ActiveCfg = Release|Any CPU
		{AE3636B8-2AD9-406F-B83A-D193B7785E44}.Release|Any CPU.Build.0 = Release|Any CPU
		{3DD57D21-B015-4AE3-B2CD-FD3D33A01C3B}.Debug|Any CPU.ActiveCfg = Debug|Any CPU
		{3DD57D21-B015-4AE3-B2CD-FD3D33A01C3B}.Debug|Any CPU.Build.0 = Debug|Any CPU
		{3DD57D21-B015-4AE3-B2CD-FD3D33A01C3B}.Release|Any CPU.ActiveCfg = Release|Any CPU
		{3DD57D21-B015-4AE3-B2CD-FD3D33A01C3B}.Release|Any CPU.Build.0 = Release|Any CPU
		{2808DFA2-CE24-4D08-BAE4-1B482267F586}.Debug|Any CPU.ActiveCfg = Debug|Any CPU
		{2808DFA2-CE24-4D08-BAE4-1B482267F586}.Debug|Any CPU.Build.0 = Debug|Any CPU
		{2808DFA2-CE24-4D08-BAE4-1B482267F586}.Release|Any CPU.ActiveCfg = Release|Any CPU
		{2808DFA2-CE24-4D08-BAE4-1B482267F586}.Release|Any CPU.Build.0 = Release|Any CPU
		{08380F5D-DE3A-49D3-B25A-37B3FA048D41}.Debug|Any CPU.ActiveCfg = Debug|Any CPU
		{08380F5D-DE3A-49D3-B25A-37B3FA048D41}.Debug|Any CPU.Build.0 = Debug|Any CPU
		{08380F5D-DE3A-49D3-B25A-37B3FA048D41}.Release|Any CPU.ActiveCfg = Release|Any CPU
		{08380F5D-DE3A-49D3-B25A-37B3FA048D41}.Release|Any CPU.Build.0 = Release|Any CPU
		{36D2F9C2-84A3-4D24-BED0-CB5FB1705CE8}.Debug|Any CPU.ActiveCfg = Debug|Any CPU
		{36D2F9C2-84A3-4D24-BED0-CB5FB1705CE8}.Debug|Any CPU.Build.0 = Debug|Any CPU
		{36D2F9C2-84A3-4D24-BED0-CB5FB1705CE8}.Release|Any CPU.ActiveCfg = Release|Any CPU
		{36D2F9C2-84A3-4D24-BED0-CB5FB1705CE8}.Release|Any CPU.Build.0 = Release|Any CPU
		{763C13CD-B978-40BF-AC06-8BC76BEA861D}.Debug|Any CPU.ActiveCfg = Debug|Any CPU
		{763C13CD-B978-40BF-AC06-8BC76BEA861D}.Debug|Any CPU.Build.0 = Debug|Any CPU
		{763C13CD-B978-40BF-AC06-8BC76BEA861D}.Release|Any CPU.ActiveCfg = Release|Any CPU
		{763C13CD-B978-40BF-AC06-8BC76BEA861D}.Release|Any CPU.Build.0 = Release|Any CPU
		{FC6AF60D-3E65-45F3-A554-C2005B29DBC7}.Debug|Any CPU.ActiveCfg = Debug|Any CPU
		{FC6AF60D-3E65-45F3-A554-C2005B29DBC7}.Debug|Any CPU.Build.0 = Debug|Any CPU
		{FC6AF60D-3E65-45F3-A554-C2005B29DBC7}.Debug|Any CPU.Deploy.0 = Debug|Any CPU
		{FC6AF60D-3E65-45F3-A554-C2005B29DBC7}.Release|Any CPU.ActiveCfg = Release|Any CPU
		{FC6AF60D-3E65-45F3-A554-C2005B29DBC7}.Release|Any CPU.Build.0 = Release|Any CPU
		{FC6AF60D-3E65-45F3-A554-C2005B29DBC7}.Release|Any CPU.Deploy.0 = Release|Any CPU
		{7FF57A3A-3343-49DA-BEC8-0682A15E7FEF}.Debug|Any CPU.ActiveCfg = Debug|Any CPU
		{7FF57A3A-3343-49DA-BEC8-0682A15E7FEF}.Debug|Any CPU.Build.0 = Debug|Any CPU
		{7FF57A3A-3343-49DA-BEC8-0682A15E7FEF}.Debug|Any CPU.Deploy.0 = Debug|Any CPU
		{7FF57A3A-3343-49DA-BEC8-0682A15E7FEF}.Release|Any CPU.ActiveCfg = Release|Any CPU
		{7FF57A3A-3343-49DA-BEC8-0682A15E7FEF}.Release|Any CPU.Build.0 = Release|Any CPU
		{7FF57A3A-3343-49DA-BEC8-0682A15E7FEF}.Release|Any CPU.Deploy.0 = Release|Any CPU
		{4880CFDF-5DD6-4E0A-BCD5-B9425C837D79}.Debug|Any CPU.ActiveCfg = Debug|Any CPU
		{4880CFDF-5DD6-4E0A-BCD5-B9425C837D79}.Debug|Any CPU.Build.0 = Debug|Any CPU
		{4880CFDF-5DD6-4E0A-BCD5-B9425C837D79}.Debug|Any CPU.Deploy.0 = Debug|Any CPU
		{4880CFDF-5DD6-4E0A-BCD5-B9425C837D79}.Release|Any CPU.ActiveCfg = Release|Any CPU
		{4880CFDF-5DD6-4E0A-BCD5-B9425C837D79}.Release|Any CPU.Build.0 = Release|Any CPU
		{4880CFDF-5DD6-4E0A-BCD5-B9425C837D79}.Release|Any CPU.Deploy.0 = Release|Any CPU
		{AA81343E-F71C-4080-A94C-FF23E4E04CE6}.Debug|Any CPU.ActiveCfg = Debug|Any CPU
		{AA81343E-F71C-4080-A94C-FF23E4E04CE6}.Debug|Any CPU.Build.0 = Debug|Any CPU
		{AA81343E-F71C-4080-A94C-FF23E4E04CE6}.Debug|Any CPU.Deploy.0 = Debug|Any CPU
		{AA81343E-F71C-4080-A94C-FF23E4E04CE6}.Release|Any CPU.ActiveCfg = Release|Any CPU
		{AA81343E-F71C-4080-A94C-FF23E4E04CE6}.Release|Any CPU.Build.0 = Release|Any CPU
		{AA81343E-F71C-4080-A94C-FF23E4E04CE6}.Release|Any CPU.Deploy.0 = Release|Any CPU
		{9EC8CEF9-C6B6-4A6E-921B-D191941DD6DD}.Debug|Any CPU.ActiveCfg = Debug|Any CPU
		{9EC8CEF9-C6B6-4A6E-921B-D191941DD6DD}.Debug|Any CPU.Build.0 = Debug|Any CPU
		{9EC8CEF9-C6B6-4A6E-921B-D191941DD6DD}.Release|Any CPU.ActiveCfg = Release|Any CPU
		{9EC8CEF9-C6B6-4A6E-921B-D191941DD6DD}.Release|Any CPU.Build.0 = Release|Any CPU
		{A759BCC2-FDA2-4C43-BC5A-6DEF3199D0DA}.Debug|Any CPU.ActiveCfg = Debug|Any CPU
		{A759BCC2-FDA2-4C43-BC5A-6DEF3199D0DA}.Debug|Any CPU.Build.0 = Debug|Any CPU
		{A759BCC2-FDA2-4C43-BC5A-6DEF3199D0DA}.Release|Any CPU.ActiveCfg = Release|Any CPU
		{A759BCC2-FDA2-4C43-BC5A-6DEF3199D0DA}.Release|Any CPU.Build.0 = Release|Any CPU
		{C6459F2F-6348-4E52-A52A-B779AA6EC53A}.Debug|Any CPU.ActiveCfg = Debug|Any CPU
		{C6459F2F-6348-4E52-A52A-B779AA6EC53A}.Debug|Any CPU.Build.0 = Debug|Any CPU
		{C6459F2F-6348-4E52-A52A-B779AA6EC53A}.Release|Any CPU.ActiveCfg = Release|Any CPU
		{C6459F2F-6348-4E52-A52A-B779AA6EC53A}.Release|Any CPU.Build.0 = Release|Any CPU
		{337326E1-D669-4F31-B442-92387C37EAFD}.Debug|Any CPU.ActiveCfg = Debug|Any CPU
		{337326E1-D669-4F31-B442-92387C37EAFD}.Debug|Any CPU.Build.0 = Debug|Any CPU
		{337326E1-D669-4F31-B442-92387C37EAFD}.Release|Any CPU.ActiveCfg = Release|Any CPU
		{337326E1-D669-4F31-B442-92387C37EAFD}.Release|Any CPU.Build.0 = Release|Any CPU
		{64EBCB32-1298-470E-91C2-6F5BACDB4BF7}.Debug|Any CPU.ActiveCfg = Debug|Any CPU
		{64EBCB32-1298-470E-91C2-6F5BACDB4BF7}.Debug|Any CPU.Build.0 = Debug|Any CPU
		{64EBCB32-1298-470E-91C2-6F5BACDB4BF7}.Debug|Any CPU.Deploy.0 = Debug|Any CPU
		{64EBCB32-1298-470E-91C2-6F5BACDB4BF7}.Release|Any CPU.ActiveCfg = Release|Any CPU
		{64EBCB32-1298-470E-91C2-6F5BACDB4BF7}.Release|Any CPU.Build.0 = Release|Any CPU
		{64EBCB32-1298-470E-91C2-6F5BACDB4BF7}.Release|Any CPU.Deploy.0 = Release|Any CPU
		{C6EC1785-FC06-4F4A-B89E-35992D97A45A}.Debug|Any CPU.ActiveCfg = Debug|Any CPU
		{C6EC1785-FC06-4F4A-B89E-35992D97A45A}.Debug|Any CPU.Build.0 = Debug|Any CPU
		{C6EC1785-FC06-4F4A-B89E-35992D97A45A}.Debug|Any CPU.Deploy.0 = Debug|Any CPU
		{C6EC1785-FC06-4F4A-B89E-35992D97A45A}.Release|Any CPU.ActiveCfg = Release|Any CPU
		{C6EC1785-FC06-4F4A-B89E-35992D97A45A}.Release|Any CPU.Build.0 = Release|Any CPU
		{C6EC1785-FC06-4F4A-B89E-35992D97A45A}.Release|Any CPU.Deploy.0 = Release|Any CPU
		{50147B9D-9F88-482E-998F-850BD80BCAEE}.Debug|Any CPU.ActiveCfg = Debug|Any CPU
		{50147B9D-9F88-482E-998F-850BD80BCAEE}.Debug|Any CPU.Build.0 = Debug|Any CPU
		{50147B9D-9F88-482E-998F-850BD80BCAEE}.Debug|Any CPU.Deploy.0 = Debug|Any CPU
		{50147B9D-9F88-482E-998F-850BD80BCAEE}.Release|Any CPU.ActiveCfg = Release|Any CPU
		{50147B9D-9F88-482E-998F-850BD80BCAEE}.Release|Any CPU.Build.0 = Release|Any CPU
		{50147B9D-9F88-482E-998F-850BD80BCAEE}.Release|Any CPU.Deploy.0 = Release|Any CPU
		{F8FB334E-AA9A-4A74-8D9D-A7DC7983999A}.Debug|Any CPU.ActiveCfg = Debug|Any CPU
		{F8FB334E-AA9A-4A74-8D9D-A7DC7983999A}.Debug|Any CPU.Build.0 = Debug|Any CPU
		{F8FB334E-AA9A-4A74-8D9D-A7DC7983999A}.Debug|Any CPU.Deploy.0 = Debug|Any CPU
		{F8FB334E-AA9A-4A74-8D9D-A7DC7983999A}.Release|Any CPU.ActiveCfg = Release|Any CPU
		{F8FB334E-AA9A-4A74-8D9D-A7DC7983999A}.Release|Any CPU.Build.0 = Release|Any CPU
		{F8FB334E-AA9A-4A74-8D9D-A7DC7983999A}.Release|Any CPU.Deploy.0 = Release|Any CPU
		{51E6418B-38EF-4E8E-A823-1D2992604BFD}.Debug|Any CPU.ActiveCfg = Debug|Any CPU
		{51E6418B-38EF-4E8E-A823-1D2992604BFD}.Debug|Any CPU.Build.0 = Debug|Any CPU
		{51E6418B-38EF-4E8E-A823-1D2992604BFD}.Release|Any CPU.ActiveCfg = Release|Any CPU
		{51E6418B-38EF-4E8E-A823-1D2992604BFD}.Release|Any CPU.Build.0 = Release|Any CPU
		{D2FC8061-B93D-4C50-8D07-7F0D701ABD4E}.Debug|Any CPU.ActiveCfg = Debug|Any CPU
		{D2FC8061-B93D-4C50-8D07-7F0D701ABD4E}.Debug|Any CPU.Build.0 = Debug|Any CPU
		{D2FC8061-B93D-4C50-8D07-7F0D701ABD4E}.Release|Any CPU.ActiveCfg = Release|Any CPU
		{D2FC8061-B93D-4C50-8D07-7F0D701ABD4E}.Release|Any CPU.Build.0 = Release|Any CPU
		{66E38038-26B6-4DF2-B71A-ED2BA8FC8D07}.Debug|Any CPU.ActiveCfg = Debug|Any CPU
		{66E38038-26B6-4DF2-B71A-ED2BA8FC8D07}.Debug|Any CPU.Build.0 = Debug|Any CPU
		{66E38038-26B6-4DF2-B71A-ED2BA8FC8D07}.Release|Any CPU.ActiveCfg = Release|Any CPU
		{66E38038-26B6-4DF2-B71A-ED2BA8FC8D07}.Release|Any CPU.Build.0 = Release|Any CPU
		{DAC1D5C1-6B72-492B-965E-7A7414117053}.Debug|Any CPU.ActiveCfg = Debug|Any CPU
		{DAC1D5C1-6B72-492B-965E-7A7414117053}.Debug|Any CPU.Build.0 = Debug|Any CPU
		{DAC1D5C1-6B72-492B-965E-7A7414117053}.Release|Any CPU.ActiveCfg = Release|Any CPU
		{DAC1D5C1-6B72-492B-965E-7A7414117053}.Release|Any CPU.Build.0 = Release|Any CPU
		{21850892-5FD0-404E-A2E2-258DF8A7C8D9}.Debug|Any CPU.ActiveCfg = Debug|Any CPU
		{21850892-5FD0-404E-A2E2-258DF8A7C8D9}.Debug|Any CPU.Build.0 = Debug|Any CPU
		{21850892-5FD0-404E-A2E2-258DF8A7C8D9}.Release|Any CPU.ActiveCfg = Release|Any CPU
		{21850892-5FD0-404E-A2E2-258DF8A7C8D9}.Release|Any CPU.Build.0 = Release|Any CPU
		{27921E16-FBFB-487C-9CD2-3589DDEA36A6}.Debug|Any CPU.ActiveCfg = Debug|Any CPU
		{27921E16-FBFB-487C-9CD2-3589DDEA36A6}.Debug|Any CPU.Build.0 = Debug|Any CPU
		{27921E16-FBFB-487C-9CD2-3589DDEA36A6}.Release|Any CPU.ActiveCfg = Release|Any CPU
		{27921E16-FBFB-487C-9CD2-3589DDEA36A6}.Release|Any CPU.Build.0 = Release|Any CPU
		{680461CC-EFFF-4CBE-82AD-1C192D00E9C3}.Debug|Any CPU.ActiveCfg = Debug|Any CPU
		{680461CC-EFFF-4CBE-82AD-1C192D00E9C3}.Debug|Any CPU.Build.0 = Debug|Any CPU
		{680461CC-EFFF-4CBE-82AD-1C192D00E9C3}.Release|Any CPU.ActiveCfg = Release|Any CPU
		{680461CC-EFFF-4CBE-82AD-1C192D00E9C3}.Release|Any CPU.Build.0 = Release|Any CPU
		{5BDCF29F-00F9-45BE-82BD-684B2560C763}.Debug|Any CPU.ActiveCfg = Debug|Any CPU
		{5BDCF29F-00F9-45BE-82BD-684B2560C763}.Debug|Any CPU.Build.0 = Debug|Any CPU
		{5BDCF29F-00F9-45BE-82BD-684B2560C763}.Debug|Any CPU.Deploy.0 = Debug|Any CPU
		{5BDCF29F-00F9-45BE-82BD-684B2560C763}.Release|Any CPU.ActiveCfg = Release|Any CPU
		{5BDCF29F-00F9-45BE-82BD-684B2560C763}.Release|Any CPU.Build.0 = Release|Any CPU
		{5BDCF29F-00F9-45BE-82BD-684B2560C763}.Release|Any CPU.Deploy.0 = Release|Any CPU
	EndGlobalSection
	GlobalSection(SolutionProperties) = preSolution
		HideSolutionNode = FALSE
	EndGlobalSection
	GlobalSection(NestedProjects) = preSolution
		{FA0F72FD-F547-4A2C-B2EA-C8F77DD9FD52} = {D5E2C14A-BA04-4AB5-A8B4-B7389EBCC0B3}
		{0DDB0E47-5845-4861-95FC-AF248E2C6652} = {D5E2C14A-BA04-4AB5-A8B4-B7389EBCC0B3}
		{AE9D6DAA-9994-48E8-ACAA-9A962346CC16} = {D5E2C14A-BA04-4AB5-A8B4-B7389EBCC0B3}
		{EE241C9C-6B53-47BF-92BA-E918A7BED105} = {AE9D6DAA-9994-48E8-ACAA-9A962346CC16}
		{351FCF09-1AD0-4C93-9927-FEF2F5091C01} = {C28AEC30-FF71-4397-A8C5-5B26D183A45A}
		{0C486550-0878-4D05-BDFF-FFF7B1C6F180} = {C28AEC30-FF71-4397-A8C5-5B26D183A45A}
		{AE3636B8-2AD9-406F-B83A-D193B7785E44} = {AE9D6DAA-9994-48E8-ACAA-9A962346CC16}
		{3DD57D21-B015-4AE3-B2CD-FD3D33A01C3B} = {0DDB0E47-5845-4861-95FC-AF248E2C6652}
		{2808DFA2-CE24-4D08-BAE4-1B482267F586} = {7D925E4F-891C-492B-92FE-6E4277E1B3F4}
		{08380F5D-DE3A-49D3-B25A-37B3FA048D41} = {C28AEC30-FF71-4397-A8C5-5B26D183A45A}
		{D04C7852-EB46-47FF-B76B-9EE1D5CDEB42} = {C28AEC30-FF71-4397-A8C5-5B26D183A45A}
		{36D2F9C2-84A3-4D24-BED0-CB5FB1705CE8} = {C28AEC30-FF71-4397-A8C5-5B26D183A45A}
		{763C13CD-B978-40BF-AC06-8BC76BEA861D} = {C28AEC30-FF71-4397-A8C5-5B26D183A45A}
		{FC6AF60D-3E65-45F3-A554-C2005B29DBC7} = {265E36FF-3E33-407D-9E27-4A0995ED0600}
		{265E36FF-3E33-407D-9E27-4A0995ED0600} = {71823033-0DBA-4E00-8325-7DDCB7346588}
		{7FF57A3A-3343-49DA-BEC8-0682A15E7FEF} = {265E36FF-3E33-407D-9E27-4A0995ED0600}
		{4880CFDF-5DD6-4E0A-BCD5-B9425C837D79} = {265E36FF-3E33-407D-9E27-4A0995ED0600}
		{AA81343E-F71C-4080-A94C-FF23E4E04CE6} = {265E36FF-3E33-407D-9E27-4A0995ED0600}
		{9EC8CEF9-C6B6-4A6E-921B-D191941DD6DD} = {C28AEC30-FF71-4397-A8C5-5B26D183A45A}
		{FA53D9C3-12F4-4FD5-8646-3652202545DF} = {71823033-0DBA-4E00-8325-7DDCB7346588}
		{A759BCC2-FDA2-4C43-BC5A-6DEF3199D0DA} = {7D925E4F-891C-492B-92FE-6E4277E1B3F4}
		{C6459F2F-6348-4E52-A52A-B779AA6EC53A} = {7D925E4F-891C-492B-92FE-6E4277E1B3F4}
		{D0C248FA-1132-4B65-86C9-2DD40CAA1881} = {71823033-0DBA-4E00-8325-7DDCB7346588}
		{376CE99A-349F-4E71-9305-CB5A4FC949FA} = {71823033-0DBA-4E00-8325-7DDCB7346588}
		{337326E1-D669-4F31-B442-92387C37EAFD} = {7D925E4F-891C-492B-92FE-6E4277E1B3F4}
		{6E4C978A-043C-4417-9C95-F7EA48A96BB4} = {71823033-0DBA-4E00-8325-7DDCB7346588}
		{64EBCB32-1298-470E-91C2-6F5BACDB4BF7} = {265E36FF-3E33-407D-9E27-4A0995ED0600}
		{C6EC1785-FC06-4F4A-B89E-35992D97A45A} = {265E36FF-3E33-407D-9E27-4A0995ED0600}
		{50147B9D-9F88-482E-998F-850BD80BCAEE} = {265E36FF-3E33-407D-9E27-4A0995ED0600}
		{F8FB334E-AA9A-4A74-8D9D-A7DC7983999A} = {265E36FF-3E33-407D-9E27-4A0995ED0600}
		{51E6418B-38EF-4E8E-A823-1D2992604BFD} = {C28AEC30-FF71-4397-A8C5-5B26D183A45A}
		{D2FC8061-B93D-4C50-8D07-7F0D701ABD4E} = {AE9D6DAA-9994-48E8-ACAA-9A962346CC16}
		{66E38038-26B6-4DF2-B71A-ED2BA8FC8D07} = {0DDB0E47-5845-4861-95FC-AF248E2C6652}
		{DAC1D5C1-6B72-492B-965E-7A7414117053} = {AE9D6DAA-9994-48E8-ACAA-9A962346CC16}
		{21850892-5FD0-404E-A2E2-258DF8A7C8D9} = {AE9D6DAA-9994-48E8-ACAA-9A962346CC16}
		{27921E16-FBFB-487C-9CD2-3589DDEA36A6} = {AE9D6DAA-9994-48E8-ACAA-9A962346CC16}
		{680461CC-EFFF-4CBE-82AD-1C192D00E9C3} = {0DDB0E47-5845-4861-95FC-AF248E2C6652}
		{5BDCF29F-00F9-45BE-82BD-684B2560C763} = {265E36FF-3E33-407D-9E27-4A0995ED0600}
	EndGlobalSection
	GlobalSection(ExtensibilityGlobals) = postSolution
		SolutionGuid = {2DC60B14-2697-4908-AADC-3EA7874F6FF1}
	EndGlobalSection
	GlobalSection(SharedMSBuildProjectFiles) = preSolution
		src\AdaskoTheBeAsT.Identity.Dapper.Shared\AdaskoTheBeAsT.Identity.Dapper.Shared.projitems*{08380f5d-de3a-49d3-b25a-37b3fa048d41}*SharedItemsImports = 5
		src\AdaskoTheBeAsT.Identity.Dapper.Shared\AdaskoTheBeAsT.Identity.Dapper.Shared.projitems*{0c486550-0878-4d05-bdff-fff7b1c6f180}*SharedItemsImports = 5
		src\AdaskoTheBeAsT.Identity.Dapper.Shared\AdaskoTheBeAsT.Identity.Dapper.Shared.projitems*{36d2f9c2-84a3-4d24-bed0-cb5fb1705ce8}*SharedItemsImports = 5
		src\AdaskoTheBeAsT.Identity.Dapper.Shared\AdaskoTheBeAsT.Identity.Dapper.Shared.projitems*{763c13cd-b978-40bf-ac06-8bc76bea861d}*SharedItemsImports = 5
		src\AdaskoTheBeAsT.Identity.Dapper.Shared\AdaskoTheBeAsT.Identity.Dapper.Shared.projitems*{9ec8cef9-c6b6-4a6e-921b-d191941dd6dd}*SharedItemsImports = 5
		src\AdaskoTheBeAsT.Identity.Dapper.Shared\AdaskoTheBeAsT.Identity.Dapper.Shared.projitems*{d04c7852-eb46-47ff-b76b-9ee1d5cdeb42}*SharedItemsImports = 13
	EndGlobalSection
EndGlobal
